
Microsoft Visual Studio Solution File, Format Version 12.00
# Visual Studio Version 16
VisualStudioVersion = 16.0.31005.135
MinimumVisualStudioVersion = 10.0.40219.1
Project("{FAE04EC0-301F-11D3-BF4B-00C04F79EFBC}") = "RestfulAPIService", "RestfulAPIService\RestfulAPIService.csproj", "{7839B745-F129-44EE-B065-FB23F9F21AB5}"
EndProject
Global
	GlobalSection(SolutionConfigurationPlatforms) = preSolution
		Debug|Any CPU = Debug|Any CPU
		Release|Any CPU = Release|Any CPU
	EndGlobalSection
	GlobalSection(ProjectConfigurationPlatforms) = postSolution
		{7839B745-F129-44EE-B065-FB23F9F21AB5}.Debug|Any CPU.ActiveCfg = Debug|Any CPU
		{7839B745-F129-44EE-B065-FB23F9F21AB5}.Debug|Any CPU.Build.0 = Debug|Any CPU
		{7839B745-F129-44EE-B065-FB23F9F21AB5}.Release|Any CPU.ActiveCfg = Release|Any CPU
		{7839B745-F129-44EE-B065-FB23F9F21AB5}.Release|Any CPU.Build.0 = Release|Any CPU
	EndGlobalSection
	GlobalSection(SolutionProperties) = preSolution
		HideSolutionNode = FALSE
	EndGlobalSection
	GlobalSection(ExtensibilityGlobals) = postSolution
		SolutionGuid = {A2979076-668A-4E61-B584-0938E83060D3}
	EndGlobalSection
EndGlobal
